
Microsoft Visual Studio Solution File, Format Version 12.00
# Visual Studio Version 16
VisualStudioVersion = 16.0.31313.79
MinimumVisualStudioVersion = 10.0.40219.1
Project("{9A19103F-16F7-4668-BE54-9A1E7A4F7556}") = "CodeGenerator.Analyzers.Framework", "Src\CodeGenerator.Analyzers\CodeGenerator.Analyzers.Framework.csproj", "{B439F270-17FE-432C-932F-1B36E6588129}"
EndProject
Project("{9A19103F-16F7-4668-BE54-9A1E7A4F7556}") = "Sample", "Sample\Code\Sample.csproj", "{F769DC40-FF4D-4956-9D87-851B949DD537}"
EndProject
Project("{9A19103F-16F7-4668-BE54-9A1E7A4F7556}") = "SampleAnalyzer", "Sample\Analyzer\SampleAnalyzer\SampleAnalyzer.csproj", "{C57C0EE8-C80E-4BC2-BAA2-38BBA880A46B}"
EndProject
Project("{2150E333-8FDC-42A3-9474-1A3956D46DE8}") = "Src", "Src", "{75F61169-55A5-4386-BDB0-08F5EC42E067}"
EndProject
Project("{FAE04EC0-301F-11D3-BF4B-00C04F79EFBC}") = "EntityToCrudAnalyzer", "EntityToCrudAnalyzer\EntityToCrudAnalyzer\EntityToCrudAnalyzer.csproj", "{F2C83246-B5A9-4EA7-88B5-C931DAADAAE3}"
EndProject
Project("{FAE04EC0-301F-11D3-BF4B-00C04F79EFBC}") = "Entity.Abstact", "Entity.Abstact\Entity.Abstact.csproj", "{8FCA0B89-224B-409A-BDD2-24E49E557375}"
EndProject
Project("{FAE04EC0-301F-11D3-BF4B-00C04F79EFBC}") = "SourceEntity", "SourceEntity\SourceEntity.csproj", "{2B66A2A5-279A-4CE4-AD63-90530366110C}"
EndProject
Global
	GlobalSection(SolutionConfigurationPlatforms) = preSolution
		Debug|Any CPU = Debug|Any CPU
		Release|Any CPU = Release|Any CPU
	EndGlobalSection
	GlobalSection(ProjectConfigurationPlatforms) = postSolution
		{B439F270-17FE-432C-932F-1B36E6588129}.Debug|Any CPU.ActiveCfg = Debug|Any CPU
		{B439F270-17FE-432C-932F-1B36E6588129}.Debug|Any CPU.Build.0 = Debug|Any CPU
		{B439F270-17FE-432C-932F-1B36E6588129}.Release|Any CPU.ActiveCfg = Release|Any CPU
		{B439F270-17FE-432C-932F-1B36E6588129}.Release|Any CPU.Build.0 = Release|Any CPU
		{F769DC40-FF4D-4956-9D87-851B949DD537}.Debug|Any CPU.ActiveCfg = Debug|Any CPU
		{F769DC40-FF4D-4956-9D87-851B949DD537}.Debug|Any CPU.Build.0 = Debug|Any CPU
		{F769DC40-FF4D-4956-9D87-851B949DD537}.Release|Any CPU.ActiveCfg = Release|Any CPU
		{F769DC40-FF4D-4956-9D87-851B949DD537}.Release|Any CPU.Build.0 = Release|Any CPU
		{C57C0EE8-C80E-4BC2-BAA2-38BBA880A46B}.Debug|Any CPU.ActiveCfg = Debug|Any CPU
		{C57C0EE8-C80E-4BC2-BAA2-38BBA880A46B}.Debug|Any CPU.Build.0 = Debug|Any CPU
		{C57C0EE8-C80E-4BC2-BAA2-38BBA880A46B}.Release|Any CPU.ActiveCfg = Release|Any CPU
		{C57C0EE8-C80E-4BC2-BAA2-38BBA880A46B}.Release|Any CPU.Build.0 = Release|Any CPU
		{F2C83246-B5A9-4EA7-88B5-C931DAADAAE3}.Debug|Any CPU.ActiveCfg = Debug|Any CPU
		{F2C83246-B5A9-4EA7-88B5-C931DAADAAE3}.Debug|Any CPU.Build.0 = Debug|Any CPU
		{F2C83246-B5A9-4EA7-88B5-C931DAADAAE3}.Release|Any CPU.ActiveCfg = Release|Any CPU
		{F2C83246-B5A9-4EA7-88B5-C931DAADAAE3}.Release|Any CPU.Build.0 = Release|Any CPU
		{8FCA0B89-224B-409A-BDD2-24E49E557375}.Debug|Any CPU.ActiveCfg = Debug|Any CPU
		{8FCA0B89-224B-409A-BDD2-24E49E557375}.Debug|Any CPU.Build.0 = Debug|Any CPU
		{8FCA0B89-224B-409A-BDD2-24E49E557375}.Release|Any CPU.ActiveCfg = Release|Any CPU
		{8FCA0B89-224B-409A-BDD2-24E49E557375}.Release|Any CPU.Build.0 = Release|Any CPU
		{2B66A2A5-279A-4CE4-AD63-90530366110C}.Debug|Any CPU.ActiveCfg = Debug|Any CPU
		{2B66A2A5-279A-4CE4-AD63-90530366110C}.Debug|Any CPU.Build.0 = Debug|Any CPU
		{2B66A2A5-279A-4CE4-AD63-90530366110C}.Release|Any CPU.ActiveCfg = Release|Any CPU
		{2B66A2A5-279A-4CE4-AD63-90530366110C}.Release|Any CPU.Build.0 = Release|Any CPU
	EndGlobalSection
	GlobalSection(SolutionProperties) = preSolution
		HideSolutionNode = FALSE
	EndGlobalSection
	GlobalSection(NestedProjects) = preSolution
		{B439F270-17FE-432C-932F-1B36E6588129} = {75F61169-55A5-4386-BDB0-08F5EC42E067}
	EndGlobalSection
	GlobalSection(ExtensibilityGlobals) = postSolution
		SolutionGuid = {DBFA697A-AF96-4F58-B3B1-C932A6C194C9}
	EndGlobalSection
EndGlobal
